
Microsoft Visual Studio Solution File, Format Version 12.00
# Visual Studio Version 16
VisualStudioVersion = 16.0.30104.148
MinimumVisualStudioVersion = 10.0.40219.1
Project("{FAE04EC0-301F-11D3-BF4B-00C04F79EFBC}") = "ToDoDemoApp", "ToDoDemoApp\ToDoDemoApp.csproj", "{281CBF89-8794-4E76-B104-1318710F5AFE}"
EndProject
Global
	GlobalSection(SolutionConfigurationPlatforms) = preSolution
		Debug|Any CPU = Debug|Any CPU
		Release|Any CPU = Release|Any CPU
	EndGlobalSection
	GlobalSection(ProjectConfigurationPlatforms) = postSolution
		{281CBF89-8794-4E76-B104-1318710F5AFE}.Debug|Any CPU.ActiveCfg = Debug|Any CPU
		{281CBF89-8794-4E76-B104-1318710F5AFE}.Debug|Any CPU.Build.0 = Debug|Any CPU
		{281CBF89-8794-4E76-B104-1318710F5AFE}.Release|Any CPU.ActiveCfg = Release|Any CPU
		{281CBF89-8794-4E76-B104-1318710F5AFE}.Release|Any CPU.Build.0 = Release|Any CPU
	EndGlobalSection
	GlobalSection(SolutionProperties) = preSolution
		HideSolutionNode = FALSE
	EndGlobalSection
	GlobalSection(ExtensibilityGlobals) = postSolution
		SolutionGuid = {3E37376B-751C-4FB3-A5A3-5FC93D6E81B4}
	EndGlobalSection
EndGlobal
